# Auto-generated lockfile - DO NOT EDIT
version = 1

[[snippets]]
name = "private/snippets/commands/import"
path = "private/snippets/commands/import.md"
checksum = "sha256:f76f286623e6c2ac6ea07ac2852dfdc01c886a83521ac9103f75b91733ab9baa"
installed_at = ".agpm/snippets/private/snippets/commands/import.md"
dependencies = []
tool = "agpm"
applied_patches = {}

[snippets.variant_inputs]

[[snippets]]
name = "private/snippets/commands/update-examples"
path = "private/snippets/commands/update-examples.md"
checksum = "sha256:d87e9c39663927edde45ea19bb52d9416cc6b3210ea6b6e17dca06ea46d9d6bb"
installed_at = ".agpm/snippets/private/snippets/commands/update-examples.md"
dependencies = []
tool = "agpm"
applied_patches = {}

[snippets.variant_inputs]

[[snippets]]
name = "snippets/commands/commit"
path = "snippets/commands/commit.md"
checksum = "sha256:7b698496f3321932c50a219c6f2a47d86c8f998caf995f71df09b6b33ef95b59"
context_checksum = "sha256:66b45d0af0123ea06fedbf4a8d3573bdddef7d37051c4ef70f45a0407eee2dbf"
installed_at = ".claude/snippets/commands/commit.md"
dependencies = ["snippet:snippets/rules/commit-attribution"]
tool = "claude-code"
install = false
applied_patches = {}

[snippets.variant_inputs]

[[snippets]]
name = "snippets/commands/commit"
path = "snippets/commands/commit.md"
checksum = "sha256:7b698496f3321932c50a219c6f2a47d86c8f998caf995f71df09b6b33ef95b59"
context_checksum = "sha256:ffd1c26639f8848c889732cf1c19bd0faf77fcb19f3eac1a2dace9ed4951f66b"
installed_at = ".opencode/snippet/snippets/commands/commit.md"
dependencies = ["snippet:snippets/rules/commit-attribution"]
tool = "opencode"
install = false
applied_patches = {}

[snippets.variant_inputs]

[[snippets]]
name = "snippets/rules/commit-attribution"
path = "snippets/rules/commit-attribution.md"
checksum = "sha256:04bab2d3b251a4f297da7aaab00848fd5117a629e0f42d593231f18ae7ac7486"
installed_at = ".claude/snippets/rules/commit-attribution.md"
dependencies = []
tool = "claude-code"
install = false
applied_patches = {}

[snippets.variant_inputs]

[[snippets]]
name = "snippets/rules/commit-attribution"
path = "snippets/rules/commit-attribution.md"
checksum = "sha256:04bab2d3b251a4f297da7aaab00848fd5117a629e0f42d593231f18ae7ac7486"
installed_at = ".opencode/snippet/snippets/rules/commit-attribution.md"
dependencies = []
tool = "opencode"
install = false
applied_patches = {}

[snippets.variant_inputs]

[[commands]]
name = "claude-code/commands/commit"
path = "claude-code/commands/commit.md"
checksum = "sha256:c045185b368409751d6a9bf393c16064ab92ec2d968dc0002e45696106d68ca3"
context_checksum = "sha256:73bd37209f4cc71dd0f80cc30fce3b8f841bb7b2d0361dea4c536b7a9238f6f7"
installed_at = ".claude/commands/commit.md"
dependencies = ["snippet:snippets/commands/commit"]
tool = "claude-code"
manifest_alias = "commit"
applied_patches = {}

[commands.variant_inputs]

[[commands]]
name = "opencode/commands/commit"
path = "opencode/commands/commit.md"
checksum = "sha256:ecc4acbdbcacda644790528b9fc3b89396c74803d0bbafa70772bb1293d51b01"
context_checksum = "sha256:513d2d00e5d0743063174cac30f8f07a6295696e3f0bde98d5bce1a844e8e2a9"
installed_at = ".opencode/command/commit.md"
dependencies = ["snippet:snippets/commands/commit"]
tool = "opencode"
manifest_alias = "opencode-commit"
applied_patches = {}

[commands.variant_inputs]

[[commands]]
name = "private/claude-code/commands/import"
path = "private/claude-code/commands/import.md"
checksum = "sha256:6e6a5f8eed610fe7c953eb53ada5af69cfc20857b1b4f5307f886f89993d7200"
context_checksum = "sha256:1f63ad88b8d1842e741b654f83b5143eba08cf4a05cd0363d1c20f362ba25994"
installed_at = ".claude/commands/import.md"
dependencies = ["snippet:private/snippets/commands/import"]
tool = "claude-code"
manifest_alias = "import"
applied_patches = {}

[commands.variant_inputs]

[[commands]]
name = "private/claude-code/commands/update-examples"
path = "private/claude-code/commands/update-examples.md"
checksum = "sha256:2a85ed015297f456fa946d697895a2fe4199c59ad9281f6f0a4e35e34b19f7b3"
context_checksum = "sha256:2b8c55ec89988dac09515df7f5bb833fdf710ccb7ab7381ad80ec986346db5a9"
installed_at = ".claude/commands/update-examples.md"
dependencies = ["snippet:private/snippets/commands/update-examples"]
tool = "claude-code"
manifest_alias = "examples"
applied_patches = {}

[commands.variant_inputs]

[[commands]]
name = "private/opencode/commands/import"
path = "private/opencode/commands/import.md"
checksum = "sha256:76c2453f5e9ac155695d04b8efe87a9ff2dfc5f52d98f4dd134ad585b36035c5"
context_checksum = "sha256:668f89236f52d5f1e11226a9324e8d148791c09fea0771d6492b80922695c66d"
installed_at = ".opencode/command/import.md"
dependencies = ["snippet:private/snippets/commands/import"]
tool = "opencode"
manifest_alias = "opencode-import"
applied_patches = {}

[commands.variant_inputs]

[[commands]]
name = "private/opencode/commands/update-examples"
path = "private/opencode/commands/update-examples.md"
checksum = "sha256:5c10d8745ee72d06bdd7fc478c717693ada97c4902a4b46b07b309b5646d439b"
context_checksum = "sha256:bb9a41d49f0d8251f5fb81fe9e83626cc433171757106e105e5d7b9051d88f5e"
installed_at = ".opencode/command/update-examples.md"
dependencies = ["snippet:private/snippets/commands/update-examples"]
tool = "opencode"
manifest_alias = "opencode-examples"
applied_patches = {}

[commands.variant_inputs]

[[hooks]]
name = "claude-code/hooks/agpm-update"
path = "claude-code/hooks/agpm-update.json"
checksum = ""
installed_at = ".claude/settings.local.json"
dependencies = []
tool = "claude-code"
manifest_alias = "agpm-update"
applied_patches = {}

[hooks.variant_inputs]
