# Auto-generated lockfile - DO NOT EDIT
version = 1

[[snippets]]
name = "private/snippets/commands/import"
path = "private/snippets/commands/import.md"
checksum = "sha256:f76f286623e6c2ac6ea07ac2852dfdc01c886a83521ac9103f75b91733ab9baa"
installed_at = ".agpm/snippets/private/snippets/commands/import.md"
dependencies = []
tool = "agpm"
install = true
applied_patches = {}

[snippets.variant_inputs]

[[snippets]]
name = "private/snippets/commands/update-examples"
path = "private/snippets/commands/update-examples.md"
checksum = "sha256:d87e9c39663927edde45ea19bb52d9416cc6b3210ea6b6e17dca06ea46d9d6bb"
installed_at = ".agpm/snippets/private/snippets/commands/update-examples.md"
dependencies = []
tool = "agpm"
install = true
applied_patches = {}

[snippets.variant_inputs]

[[snippets]]
name = "snippets/commands/commit"
path = "snippets/commands/commit.md"
checksum = "sha256:7b698496f3321932c50a219c6f2a47d86c8f998caf995f71df09b6b33ef95b59"
context_checksum = "sha256:66b45d0af0123ea06fedbf4a8d3573bdddef7d37051c4ef70f45a0407eee2dbf"
installed_at = ".claude/snippets/commands/commit.md"
dependencies = ["snippet:snippets/rules/commit-attribution"]
tool = "claude-code"
install = false
applied_patches = {}

[snippets.variant_inputs]

[[snippets]]
name = "snippets/commands/commit"
path = "snippets/commands/commit.md"
checksum = "sha256:7b698496f3321932c50a219c6f2a47d86c8f998caf995f71df09b6b33ef95b59"
context_checksum = "sha256:ffd1c26639f8848c889732cf1c19bd0faf77fcb19f3eac1a2dace9ed4951f66b"
installed_at = ".opencode/snippet/snippets/commands/commit.md"
dependencies = ["snippet:snippets/rules/commit-attribution"]
tool = "opencode"
install = false
applied_patches = {}

[snippets.variant_inputs]

[[snippets]]
name = "snippets/rules/commit-attribution"
path = "snippets/rules/commit-attribution.md"
checksum = "sha256:04bab2d3b251a4f297da7aaab00848fd5117a629e0f42d593231f18ae7ac7486"
installed_at = ".claude/snippets/rules/commit-attribution.md"
dependencies = []
tool = "claude-code"
install = false
applied_patches = {}

[snippets.variant_inputs]

[[snippets]]
name = "snippets/rules/commit-attribution"
path = "snippets/rules/commit-attribution.md"
checksum = "sha256:04bab2d3b251a4f297da7aaab00848fd5117a629e0f42d593231f18ae7ac7486"
installed_at = ".opencode/snippet/snippets/rules/commit-attribution.md"
dependencies = []
tool = "opencode"
install = false
applied_patches = {}

[snippets.variant_inputs]

[[commands]]
name = "claude-code/commands/commit"
path = "claude-code/commands/commit.md"
checksum = "sha256:75bb106d794ebd67bf4313d555b5d2c82fde2b0882836320a4269fb78916de85"
context_checksum = "sha256:73bd37209f4cc71dd0f80cc30fce3b8f841bb7b2d0361dea4c536b7a9238f6f7"
installed_at = ".claude/commands/commit.md"
dependencies = ["snippet:snippets/commands/commit"]
tool = "claude-code"
manifest_alias = "commit"
applied_patches = {}

[commands.variant_inputs]

[[commands]]
name = "opencode/commands/commit"
path = "opencode/commands/commit.md"
checksum = "sha256:27cec57438cb27be44c6f89dab359324fcce3a7cd2559fa6db2b19e84fb2aa5d"
context_checksum = "sha256:513d2d00e5d0743063174cac30f8f07a6295696e3f0bde98d5bce1a844e8e2a9"
installed_at = ".opencode/command/commit.md"
dependencies = ["snippet:snippets/commands/commit"]
tool = "opencode"
manifest_alias = "opencode-commit"
applied_patches = {}

[commands.variant_inputs]

[[commands]]
name = "private/claude-code/commands/import"
path = "private/claude-code/commands/import.md"
checksum = "sha256:f49081e57b685807036f053819fa2c3edc3ec911405af8fa806cc36e60017593"
context_checksum = "sha256:8e5ff46c5edf1c707a86358527843ee4ab522164b8673d020b121b9be964f92e"
installed_at = ".claude/commands/import.md"
dependencies = ["snippet:private/snippets/commands/import"]
tool = "claude-code"
manifest_alias = "import"
applied_patches = {}

[commands.variant_inputs]

[[commands]]
name = "private/claude-code/commands/update-examples"
path = "private/claude-code/commands/update-examples.md"
checksum = "sha256:8295aa452a8ca6cf1fdd6aa3478f11f385632f344b4abfb534e9c6f1967f4475"
context_checksum = "sha256:0c5482e99f103f017662ab1b105d86a6b03c5c7a3e8111484bf448325aebef90"
installed_at = ".claude/commands/update-examples.md"
dependencies = ["snippet:private/snippets/commands/update-examples"]
tool = "claude-code"
manifest_alias = "examples"
applied_patches = {}

[commands.variant_inputs]

[[commands]]
name = "private/opencode/commands/import"
path = "private/opencode/commands/import.md"
checksum = "sha256:270313cb6ad4ab750368b79d090709f92c463d59b8398d446bd69dbc49e35b29"
context_checksum = "sha256:86392bae4d7915c4639b55820e1d2d7ecc05b7a3cf1764d74b3b2334ef84c505"
installed_at = ".opencode/command/import.md"
dependencies = ["snippet:private/snippets/commands/import"]
tool = "opencode"
manifest_alias = "opencode-import"
applied_patches = {}

[commands.variant_inputs]

[[commands]]
name = "private/opencode/commands/update-examples"
path = "private/opencode/commands/update-examples.md"
checksum = "sha256:201e03a20fbc4e7c03637c31cf00c2c946ddbffbde0c93622aa961d5221634cd"
context_checksum = "sha256:cccfbed00bf3297041815d126a4eb06d5f94e941d064f439b181934830a90365"
installed_at = ".opencode/command/update-examples.md"
dependencies = ["snippet:private/snippets/commands/update-examples"]
tool = "opencode"
manifest_alias = "opencode-examples"
applied_patches = {}

[commands.variant_inputs]

[[hooks]]
name = "claude-code/hooks/agpm-update"
path = "claude-code/hooks/agpm-update.json"
checksum = ""
installed_at = ".claude/settings.local.json"
dependencies = []
tool = "claude-code"
manifest_alias = "agpm-update"
applied_patches = {}

[hooks.variant_inputs]
